
Microsoft Visual Studio Solution File, Format Version 12.00
# Visual Studio Version 16
VisualStudioVersion = 16.0.31624.102
MinimumVisualStudioVersion = 10.0.40219.1
Project("{9A19103F-16F7-4668-BE54-9A1E7A4F7556}") = "Exercises Lecture 3", "Exercises\Exercises Lecture 3.csproj", "{8FDF8BF9-59D3-446F-B92B-F38AEDFA2797}"
EndProject
Project("{9A19103F-16F7-4668-BE54-9A1E7A4F7556}") = "GameObject Lecture 3", "GameObject\GameObject Lecture 3.csproj", "{CF71C4CF-919C-4784-B604-1CCE8A0804C7}"
EndProject
Project("{9A19103F-16F7-4668-BE54-9A1E7A4F7556}") = "MiniProjekt Lecture 4", "MiniProjekt\MiniProjekt Lecture 4.csproj", "{2C41ADD3-4424-477B-84C6-F4C8528C6ADA}"
EndProject
Project("{FAE04EC0-301F-11D3-BF4B-00C04F79EFBC}") = "Exercises Lecture 5", "Exercises Lecture 5\Exercises Lecture 5.csproj", "{40AEFC08-D2E4-4CC2-AF84-35BDA7AE5F97}"
EndProject
Global
	GlobalSection(SolutionConfigurationPlatforms) = preSolution
		Debug|Any CPU = Debug|Any CPU
		Release|Any CPU = Release|Any CPU
	EndGlobalSection
	GlobalSection(ProjectConfigurationPlatforms) = postSolution
		{8FDF8BF9-59D3-446F-B92B-F38AEDFA2797}.Debug|Any CPU.ActiveCfg = Debug|Any CPU
		{8FDF8BF9-59D3-446F-B92B-F38AEDFA2797}.Debug|Any CPU.Build.0 = Debug|Any CPU
		{8FDF8BF9-59D3-446F-B92B-F38AEDFA2797}.Release|Any CPU.ActiveCfg = Release|Any CPU
		{8FDF8BF9-59D3-446F-B92B-F38AEDFA2797}.Release|Any CPU.Build.0 = Release|Any CPU
		{CF71C4CF-919C-4784-B604-1CCE8A0804C7}.Debug|Any CPU.ActiveCfg = Debug|Any CPU
		{CF71C4CF-919C-4784-B604-1CCE8A0804C7}.Debug|Any CPU.Build.0 = Debug|Any CPU
		{CF71C4CF-919C-4784-B604-1CCE8A0804C7}.Release|Any CPU.ActiveCfg = Release|Any CPU
		{CF71C4CF-919C-4784-B604-1CCE8A0804C7}.Release|Any CPU.Build.0 = Release|Any CPU
		{2C41ADD3-4424-477B-84C6-F4C8528C6ADA}.Debug|Any CPU.ActiveCfg = Debug|Any CPU
		{2C41ADD3-4424-477B-84C6-F4C8528C6ADA}.Debug|Any CPU.Build.0 = Debug|Any CPU
		{2C41ADD3-4424-477B-84C6-F4C8528C6ADA}.Release|Any CPU.ActiveCfg = Release|Any CPU
		{2C41ADD3-4424-477B-84C6-F4C8528C6ADA}.Release|Any CPU.Build.0 = Release|Any CPU
		{40AEFC08-D2E4-4CC2-AF84-35BDA7AE5F97}.Debug|Any CPU.ActiveCfg = Debug|Any CPU
		{40AEFC08-D2E4-4CC2-AF84-35BDA7AE5F97}.Debug|Any CPU.Build.0 = Debug|Any CPU
		{40AEFC08-D2E4-4CC2-AF84-35BDA7AE5F97}.Release|Any CPU.ActiveCfg = Release|Any CPU
		{40AEFC08-D2E4-4CC2-AF84-35BDA7AE5F97}.Release|Any CPU.Build.0 = Release|Any CPU
	EndGlobalSection
	GlobalSection(SolutionProperties) = preSolution
		HideSolutionNode = FALSE
	EndGlobalSection
	GlobalSection(ExtensibilityGlobals) = postSolution
		SolutionGuid = {ED38846D-17FC-430C-8A9C-FA7CC7607B98}
	EndGlobalSection
EndGlobal
